
Microsoft Visual Studio Solution File, Format Version 11.00
# Visual Studio 2010
Project("{FAE04EC0-301F-11D3-BF4B-00C04F79EFBC}") = "UnityEngine.UI", "UnityEngine.UI.csproj", "{BD0FCAF8-804D-724F-2BB4-5BC681E01A13}"
EndProject
Project("{FAE04EC0-301F-11D3-BF4B-00C04F79EFBC}") = "Unity.2D.PixelPerfect.Tests", "Unity.2D.PixelPerfect.Tests.csproj", "{B9591A31-3BF3-BCB5-FFB5-5F18DE0F1802}"
EndProject
Project("{FAE04EC0-301F-11D3-BF4B-00C04F79EFBC}") = "UnityEngine.TestRunner", "UnityEngine.TestRunner.csproj", "{4D2F4AB3-8F5A-042E-FF6D-4DDED4845C5E}"
EndProject
Project("{FAE04EC0-301F-11D3-BF4B-00C04F79EFBC}") = "Unity.Mathematics", "Unity.Mathematics.csproj", "{E1B6C0FC-0271-0F34-4494-4E8535997F73}"
EndProject
Project("{FAE04EC0-301F-11D3-BF4B-00C04F79EFBC}") = "Unity.2D.Animation.Triangle.Runtime", "Unity.2D.Animation.Triangle.Runtime.csproj", "{5AA7E984-2B57-CC7D-B93C-8900C432235D}"
EndProject
Project("{FAE04EC0-301F-11D3-BF4B-00C04F79EFBC}") = "UnityEngine.UI.Tests", "UnityEngine.UI.Tests.csproj", "{7240C394-EC7C-4BD3-2878-0A524833C048}"
EndProject
Project("{FAE04EC0-301F-11D3-BF4B-00C04F79EFBC}") = "Unity.Timeline", "Unity.Timeline.csproj", "{5BAFAE49-3B71-79C5-6FED-8DE2D288870A}"
EndProject
Project("{FAE04EC0-301F-11D3-BF4B-00C04F79EFBC}") = "Unity.TextMeshPro", "Unity.TextMeshPro.csproj", "{A4D1BBEB-2819-1300-62F1-9F1A76ACB4D3}"
EndProject
Project("{FAE04EC0-301F-11D3-BF4B-00C04F79EFBC}") = "Unity.2D.Animation.Runtime", "Unity.2D.Animation.Runtime.csproj", "{109C3158-FB0F-CC74-AE94-2FB2D8D5F071}"
EndProject
Project("{FAE04EC0-301F-11D3-BF4B-00C04F79EFBC}") = "Unity.2D.IK.Runtime", "Unity.2D.IK.Runtime.csproj", "{939848F8-DCF1-1762-3C8A-3E8D31D4BD8F}"
EndProject
Project("{FAE04EC0-301F-11D3-BF4B-00C04F79EFBC}") = "Assembly-CSharp", "Assembly-CSharp.csproj", "{C5D46C90-9AD4-70D9-4F16-CB7615D21947}"
EndProject
Project("{FAE04EC0-301F-11D3-BF4B-00C04F79EFBC}") = "Unity.2D.SpriteShape.Runtime", "Unity.2D.SpriteShape.Runtime.csproj", "{86C18E23-4C58-6616-1361-1BFD1C64A9BB}"
EndProject
Project("{FAE04EC0-301F-11D3-BF4B-00C04F79EFBC}") = "Unity.2D.PixelPerfect", "Unity.2D.PixelPerfect.csproj", "{FF308041-C71F-CAAB-59F5-A2EED671F4B6}"
EndProject
Project("{FAE04EC0-301F-11D3-BF4B-00C04F79EFBC}") = "Unity.2D.Common.Runtime", "Unity.2D.Common.Runtime.csproj", "{F291B6C7-8873-5769-92B3-DD167391C75C}"
EndProject
Project("{FAE04EC0-301F-11D3-BF4B-00C04F79EFBC}") = "Unity.TextMeshPro.Tests", "Unity.TextMeshPro.Tests.csproj", "{55C635EE-90AB-B30C-370F-9CC48B898265}"
EndProject
Project("{FAE04EC0-301F-11D3-BF4B-00C04F79EFBC}") = "Unity.InternalAPIEngineBridge.001", "Unity.InternalAPIEngineBridge.001.csproj", "{780407C2-C610-6A06-8271-C2B2AE4CA533}"
EndProject
Project("{FAE04EC0-301F-11D3-BF4B-00C04F79EFBC}") = "Unity.Mobile.AndroidLogcat.RuntimeTests", "Unity.Mobile.AndroidLogcat.RuntimeTests.csproj", "{B1FC12E1-E652-11D3-DE94-103EBEA5969E}"
EndProject
Project("{FAE04EC0-301F-11D3-BF4B-00C04F79EFBC}") = "UnityEditor.TestRunner", "UnityEditor.TestRunner.csproj", "{A1C8406D-1445-9692-04F6-FDF7359DA9D7}"
EndProject
Project("{FAE04EC0-301F-11D3-BF4B-00C04F79EFBC}") = "Unity.PlasticSCM.Editor", "Unity.PlasticSCM.Editor.csproj", "{592C0711-5F7B-E099-0A38-606773B0E978}"
EndProject
Project("{FAE04EC0-301F-11D3-BF4B-00C04F79EFBC}") = "UnityEditor.UI", "UnityEditor.UI.csproj", "{95595BE3-B1A4-5D56-4896-C9B3CC8C1735}"
EndProject
Project("{FAE04EC0-301F-11D3-BF4B-00C04F79EFBC}") = "Unity.Services.Core.Editor", "Unity.Services.Core.Editor.csproj", "{DE9E6FAF-08FE-CC93-B356-CAC4C2F557A9}"
EndProject
Project("{FAE04EC0-301F-11D3-BF4B-00C04F79EFBC}") = "Unity.Timeline.Editor", "Unity.Timeline.Editor.csproj", "{2166B7B3-B37A-4191-D5C6-FC0335B41E04}"
EndProject
Project("{FAE04EC0-301F-11D3-BF4B-00C04F79EFBC}") = "Unity.VisualStudio.Editor", "Unity.VisualStudio.Editor.csproj", "{FB1FC8AB-8282-3243-22B7-0FA027E91E56}"
EndProject
Project("{FAE04EC0-301F-11D3-BF4B-00C04F79EFBC}") = "Unity.2D.Psdimporter.Editor", "Unity.2D.Psdimporter.Editor.csproj", "{4A48CB74-6FCE-CDFF-B2EF-3BA097C7620C}"
EndProject
Project("{FAE04EC0-301F-11D3-BF4B-00C04F79EFBC}") = "Unity.2D.Animation.Editor", "Unity.2D.Animation.Editor.csproj", "{7EE61551-7953-DF0F-5D44-A074EF2E5C44}"
EndProject
Project("{FAE04EC0-301F-11D3-BF4B-00C04F79EFBC}") = "Unity.TextMeshPro.Editor", "Unity.TextMeshPro.Editor.csproj", "{157F4D39-B4ED-046E-B173-2DBB9BE7CC16}"
EndProject
Project("{FAE04EC0-301F-11D3-BF4B-00C04F79EFBC}") = "Unity.2D.SpriteShape.Editor", "Unity.2D.SpriteShape.Editor.csproj", "{020B4551-E8BB-9741-C2FA-E544EA40A559}"
EndProject
Project("{FAE04EC0-301F-11D3-BF4B-00C04F79EFBC}") = "Unity.CollabProxy.Editor", "Unity.CollabProxy.Editor.csproj", "{57481E67-65B9-EEB4-47BC-EABC8973057F}"
EndProject
Project("{FAE04EC0-301F-11D3-BF4B-00C04F79EFBC}") = "PsdPlugin", "PsdPlugin.csproj", "{0820477C-6F30-7571-68F4-749D942C6239}"
EndProject
Project("{FAE04EC0-301F-11D3-BF4B-00C04F79EFBC}") = "DocCodeExamples", "DocCodeExamples.csproj", "{46457E10-F233-3FF4-D415-FA0034F977FC}"
EndProject
Project("{FAE04EC0-301F-11D3-BF4B-00C04F79EFBC}") = "Unity.2D.Path.Editor", "Unity.2D.Path.Editor.csproj", "{3A0147F9-D4CE-E197-E973-065A28AC8BCF}"
EndProject
Project("{FAE04EC0-301F-11D3-BF4B-00C04F79EFBC}") = "Unity.Mathematics.Tests", "Unity.Mathematics.Tests.csproj", "{E9124008-3339-431D-1A47-A3BA22510E55}"
EndProject
Project("{FAE04EC0-301F-11D3-BF4B-00C04F79EFBC}") = "Unity.Mobile.AndroidLogcat.Editor", "Unity.Mobile.AndroidLogcat.Editor.csproj", "{B454F5CC-2CEC-3719-6C23-C481F7B9FB78}"
EndProject
Project("{FAE04EC0-301F-11D3-BF4B-00C04F79EFBC}") = "Unity.PlasticSCM.EditorTests", "Unity.PlasticSCM.EditorTests.csproj", "{E9D2612F-97A5-8C02-5CBD-F3A7D2C4EF11}"
EndProject
Project("{FAE04EC0-301F-11D3-BF4B-00C04F79EFBC}") = "Unity.Rider.Editor", "Unity.Rider.Editor.csproj", "{1283336B-0E51-27B8-7390-0C763C169CB9}"
EndProject
Project("{FAE04EC0-301F-11D3-BF4B-00C04F79EFBC}") = "UnityEditor.UI.EditorTests", "UnityEditor.UI.EditorTests.csproj", "{13B2FAD5-C5AE-E5EF-0AE6-A323504BAA08}"
EndProject
Project("{FAE04EC0-301F-11D3-BF4B-00C04F79EFBC}") = "Unity.CollabProxy.EditorTests", "Unity.CollabProxy.EditorTests.csproj", "{5D575A50-F0C4-11F6-02FA-3F9C94418203}"
EndProject
Project("{FAE04EC0-301F-11D3-BF4B-00C04F79EFBC}") = "Unity.2D.IK.Editor", "Unity.2D.IK.Editor.csproj", "{89772544-2E6F-10CC-BE9B-F03E15C97CDC}"
EndProject
Project("{FAE04EC0-301F-11D3-BF4B-00C04F79EFBC}") = "Unity.Mobile.AndroidLogcat.EditorPerformanceTests", "Unity.Mobile.AndroidLogcat.EditorPerformanceTests.csproj", "{367BAC7E-DA93-4C82-928B-9EA6EC40BAD8}"
EndProject
Project("{FAE04EC0-301F-11D3-BF4B-00C04F79EFBC}") = "Unity.2D.SpriteShape.EditorTests", "Unity.2D.SpriteShape.EditorTests.csproj", "{8CA0D114-24DA-C0BA-B29F-9058D6852B88}"
EndProject
Project("{FAE04EC0-301F-11D3-BF4B-00C04F79EFBC}") = "Unity.2D.Sprite.Editor", "Unity.2D.Sprite.Editor.csproj", "{59489AA0-2F38-AA5A-B37E-63B1412D2F28}"
EndProject
Project("{FAE04EC0-301F-11D3-BF4B-00C04F79EFBC}") = "Unity.2D.Tilemap.Editor", "Unity.2D.Tilemap.Editor.csproj", "{8A577A2E-0137-E154-860B-25A850634ADC}"
EndProject
Project("{FAE04EC0-301F-11D3-BF4B-00C04F79EFBC}") = "Unity.2D.PixelPerfect.Editor", "Unity.2D.PixelPerfect.Editor.csproj", "{78182BA1-A09E-F739-9742-E4195AADADB7}"
EndProject
Project("{FAE04EC0-301F-11D3-BF4B-00C04F79EFBC}") = "Unity.VSCode.Editor", "Unity.VSCode.Editor.csproj", "{77C0219F-882D-84AC-910C-8E223CA4B2E7}"
EndProject
Project("{FAE04EC0-301F-11D3-BF4B-00C04F79EFBC}") = "Unity.Mobile.AndroidLogcat.EditorTests", "Unity.Mobile.AndroidLogcat.EditorTests.csproj", "{93D69280-155C-46C7-0112-1A985B2A4050}"
EndProject
Project("{FAE04EC0-301F-11D3-BF4B-00C04F79EFBC}") = "Unity.2D.Common.Editor", "Unity.2D.Common.Editor.csproj", "{3D1345E0-078C-0444-0798-0E2527E2A002}"
EndProject
Project("{FAE04EC0-301F-11D3-BF4B-00C04F79EFBC}") = "Unity.Mathematics.Editor", "Unity.Mathematics.Editor.csproj", "{C54F20AF-DD8E-6F74-1A5F-DBB3544D3AEC}"
EndProject
Project("{FAE04EC0-301F-11D3-BF4B-00C04F79EFBC}") = "Unity.2D.PixelPerfect.Editor.Tests", "Unity.2D.PixelPerfect.Editor.Tests.csproj", "{E9E9AC4A-0F9D-7D0B-A48C-163B4F1BB2C6}"
EndProject
Project("{FAE04EC0-301F-11D3-BF4B-00C04F79EFBC}") = "Unity.2D.Common.EditorTests", "Unity.2D.Common.EditorTests.csproj", "{20D87545-AF9C-ECA8-ACCE-DE11F1CC083A}"
EndProject
Project("{FAE04EC0-301F-11D3-BF4B-00C04F79EFBC}") = "Unity.2D.Path.Tests", "Unity.2D.Path.Tests.csproj", "{80143AAD-7C2F-83E8-5B76-DFBDB578540E}"
EndProject
Project("{FAE04EC0-301F-11D3-BF4B-00C04F79EFBC}") = "Unity.InternalAPIEditorBridge.001", "Unity.InternalAPIEditorBridge.001.csproj", "{72F28CF6-770E-94BF-EE9A-B69466EB1EAB}"
EndProject
Project("{FAE04EC0-301F-11D3-BF4B-00C04F79EFBC}") = "Unity.2D.Tilemap.Package.EditorTests", "Unity.2D.Tilemap.Package.EditorTests.csproj", "{BE8546E4-D816-32B8-D943-A56518996937}"
EndProject
Project("{FAE04EC0-301F-11D3-BF4B-00C04F79EFBC}") = "Unity.2D.Psdimporter.EditorTests", "Unity.2D.Psdimporter.EditorTests.csproj", "{1F92264F-9ECD-D895-886E-6853611564BC}"
EndProject
Project("{FAE04EC0-301F-11D3-BF4B-00C04F79EFBC}") = "Unity.2D.Sprite.Package.EditorTests", "Unity.2D.Sprite.Package.EditorTests.csproj", "{A337B7A0-5613-7A40-1D3C-A15B0E3E65EA}"
EndProject
Project("{FAE04EC0-301F-11D3-BF4B-00C04F79EFBC}") = "Unity.TextMeshPro.Editor.Tests", "Unity.TextMeshPro.Editor.Tests.csproj", "{DBA90F26-BD94-18A2-20AF-5C6B5E6733F6}"
EndProject
Project("{FAE04EC0-301F-11D3-BF4B-00C04F79EFBC}") = "Unity.2D.Animation.EditorTests", "Unity.2D.Animation.EditorTests.csproj", "{222F5028-1B1A-0E99-6964-C205F050BFFE}"
EndProject
Global
	GlobalSection(SolutionConfigurationPlatforms) = preSolution
		Debug|Any CPU = Debug|Any CPU
		Release|Any CPU = Release|Any CPU
	EndGlobalSection
	GlobalSection(ProjectConfigurationPlatforms) = postSolution
		{BD0FCAF8-804D-724F-2BB4-5BC681E01A13}.Debug|Any CPU.ActiveCfg = Debug|Any CPU
		{BD0FCAF8-804D-724F-2BB4-5BC681E01A13}.Debug|Any CPU.Build.0 = Debug|Any CPU
		{BD0FCAF8-804D-724F-2BB4-5BC681E01A13}.Release|Any CPU.ActiveCfg = Release|Any CPU
		{BD0FCAF8-804D-724F-2BB4-5BC681E01A13}.Release|Any CPU.Build.0 = Release|Any CPU
		{B9591A31-3BF3-BCB5-FFB5-5F18DE0F1802}.Debug|Any CPU.ActiveCfg = Debug|Any CPU
		{B9591A31-3BF3-BCB5-FFB5-5F18DE0F1802}.Debug|Any CPU.Build.0 = Debug|Any CPU
		{B9591A31-3BF3-BCB5-FFB5-5F18DE0F1802}.Release|Any CPU.ActiveCfg = Release|Any CPU
		{B9591A31-3BF3-BCB5-FFB5-5F18DE0F1802}.Release|Any CPU.Build.0 = Release|Any CPU
		{4D2F4AB3-8F5A-042E-FF6D-4DDED4845C5E}.Debug|Any CPU.ActiveCfg = Debug|Any CPU
		{4D2F4AB3-8F5A-042E-FF6D-4DDED4845C5E}.Debug|Any CPU.Build.0 = Debug|Any CPU
		{4D2F4AB3-8F5A-042E-FF6D-4DDED4845C5E}.Release|Any CPU.ActiveCfg = Release|Any CPU
		{4D2F4AB3-8F5A-042E-FF6D-4DDED4845C5E}.Release|Any CPU.Build.0 = Release|Any CPU
		{E1B6C0FC-0271-0F34-4494-4E8535997F73}.Debug|Any CPU.ActiveCfg = Debug|Any CPU
		{E1B6C0FC-0271-0F34-4494-4E8535997F73}.Debug|Any CPU.Build.0 = Debug|Any CPU
		{E1B6C0FC-0271-0F34-4494-4E8535997F73}.Release|Any CPU.ActiveCfg = Release|Any CPU
		{E1B6C0FC-0271-0F34-4494-4E8535997F73}.Release|Any CPU.Build.0 = Release|Any CPU
		{5AA7E984-2B57-CC7D-B93C-8900C432235D}.Debug|Any CPU.ActiveCfg = Debug|Any CPU
		{5AA7E984-2B57-CC7D-B93C-8900C432235D}.Debug|Any CPU.Build.0 = Debug|Any CPU
		{5AA7E984-2B57-CC7D-B93C-8900C432235D}.Release|Any CPU.ActiveCfg = Release|Any CPU
		{5AA7E984-2B57-CC7D-B93C-8900C432235D}.Release|Any CPU.Build.0 = Release|Any CPU
		{7240C394-EC7C-4BD3-2878-0A524833C048}.Debug|Any CPU.ActiveCfg = Debug|Any CPU
		{7240C394-EC7C-4BD3-2878-0A524833C048}.Debug|Any CPU.Build.0 = Debug|Any CPU
		{7240C394-EC7C-4BD3-2878-0A524833C048}.Release|Any CPU.ActiveCfg = Release|Any CPU
		{7240C394-EC7C-4BD3-2878-0A524833C048}.Release|Any CPU.Build.0 = Release|Any CPU
		{5BAFAE49-3B71-79C5-6FED-8DE2D288870A}.Debug|Any CPU.ActiveCfg = Debug|Any CPU
		{5BAFAE49-3B71-79C5-6FED-8DE2D288870A}.Debug|Any CPU.Build.0 = Debug|Any CPU
		{5BAFAE49-3B71-79C5-6FED-8DE2D288870A}.Release|Any CPU.ActiveCfg = Release|Any CPU
		{5BAFAE49-3B71-79C5-6FED-8DE2D288870A}.Release|Any CPU.Build.0 = Release|Any CPU
		{A4D1BBEB-2819-1300-62F1-9F1A76ACB4D3}.Debug|Any CPU.ActiveCfg = Debug|Any CPU
		{A4D1BBEB-2819-1300-62F1-9F1A76ACB4D3}.Debug|Any CPU.Build.0 = Debug|Any CPU
		{A4D1BBEB-2819-1300-62F1-9F1A76ACB4D3}.Release|Any CPU.ActiveCfg = Release|Any CPU
		{A4D1BBEB-2819-1300-62F1-9F1A76ACB4D3}.Release|Any CPU.Build.0 = Release|Any CPU
		{109C3158-FB0F-CC74-AE94-2FB2D8D5F071}.Debug|Any CPU.ActiveCfg = Debug|Any CPU
		{109C3158-FB0F-CC74-AE94-2FB2D8D5F071}.Debug|Any CPU.Build.0 = Debug|Any CPU
		{109C3158-FB0F-CC74-AE94-2FB2D8D5F071}.Release|Any CPU.ActiveCfg = Release|Any CPU
		{109C3158-FB0F-CC74-AE94-2FB2D8D5F071}.Release|Any CPU.Build.0 = Release|Any CPU
		{939848F8-DCF1-1762-3C8A-3E8D31D4BD8F}.Debug|Any CPU.ActiveCfg = Debug|Any CPU
		{939848F8-DCF1-1762-3C8A-3E8D31D4BD8F}.Debug|Any CPU.Build.0 = Debug|Any CPU
		{939848F8-DCF1-1762-3C8A-3E8D31D4BD8F}.Release|Any CPU.ActiveCfg = Release|Any CPU
		{939848F8-DCF1-1762-3C8A-3E8D31D4BD8F}.Release|Any CPU.Build.0 = Release|Any CPU
		{C5D46C90-9AD4-70D9-4F16-CB7615D21947}.Debug|Any CPU.ActiveCfg = Debug|Any CPU
		{C5D46C90-9AD4-70D9-4F16-CB7615D21947}.Debug|Any CPU.Build.0 = Debug|Any CPU
		{C5D46C90-9AD4-70D9-4F16-CB7615D21947}.Release|Any CPU.ActiveCfg = Release|Any CPU
		{C5D46C90-9AD4-70D9-4F16-CB7615D21947}.Release|Any CPU.Build.0 = Release|Any CPU
		{86C18E23-4C58-6616-1361-1BFD1C64A9BB}.Debug|Any CPU.ActiveCfg = Debug|Any CPU
		{86C18E23-4C58-6616-1361-1BFD1C64A9BB}.Debug|Any CPU.Build.0 = Debug|Any CPU
		{86C18E23-4C58-6616-1361-1BFD1C64A9BB}.Release|Any CPU.ActiveCfg = Release|Any CPU
		{86C18E23-4C58-6616-1361-1BFD1C64A9BB}.Release|Any CPU.Build.0 = Release|Any CPU
		{FF308041-C71F-CAAB-59F5-A2EED671F4B6}.Debug|Any CPU.ActiveCfg = Debug|Any CPU
		{FF308041-C71F-CAAB-59F5-A2EED671F4B6}.Debug|Any CPU.Build.0 = Debug|Any CPU
		{FF308041-C71F-CAAB-59F5-A2EED671F4B6}.Release|Any CPU.ActiveCfg = Release|Any CPU
		{FF308041-C71F-CAAB-59F5-A2EED671F4B6}.Release|Any CPU.Build.0 = Release|Any CPU
		{F291B6C7-8873-5769-92B3-DD167391C75C}.Debug|Any CPU.ActiveCfg = Debug|Any CPU
		{F291B6C7-8873-5769-92B3-DD167391C75C}.Debug|Any CPU.Build.0 = Debug|Any CPU
		{F291B6C7-8873-5769-92B3-DD167391C75C}.Release|Any CPU.ActiveCfg = Release|Any CPU
		{F291B6C7-8873-5769-92B3-DD167391C75C}.Release|Any CPU.Build.0 = Release|Any CPU
		{55C635EE-90AB-B30C-370F-9CC48B898265}.Debug|Any CPU.ActiveCfg = Debug|Any CPU
		{55C635EE-90AB-B30C-370F-9CC48B898265}.Debug|Any CPU.Build.0 = Debug|Any CPU
		{55C635EE-90AB-B30C-370F-9CC48B898265}.Release|Any CPU.ActiveCfg = Release|Any CPU
		{55C635EE-90AB-B30C-370F-9CC48B898265}.Release|Any CPU.Build.0 = Release|Any CPU
		{780407C2-C610-6A06-8271-C2B2AE4CA533}.Debug|Any CPU.ActiveCfg = Debug|Any CPU
		{780407C2-C610-6A06-8271-C2B2AE4CA533}.Debug|Any CPU.Build.0 = Debug|Any CPU
		{780407C2-C610-6A06-8271-C2B2AE4CA533}.Release|Any CPU.ActiveCfg = Release|Any CPU
		{780407C2-C610-6A06-8271-C2B2AE4CA533}.Release|Any CPU.Build.0 = Release|Any CPU
		{B1FC12E1-E652-11D3-DE94-103EBEA5969E}.Debug|Any CPU.ActiveCfg = Debug|Any CPU
		{B1FC12E1-E652-11D3-DE94-103EBEA5969E}.Debug|Any CPU.Build.0 = Debug|Any CPU
		{B1FC12E1-E652-11D3-DE94-103EBEA5969E}.Release|Any CPU.ActiveCfg = Release|Any CPU
		{B1FC12E1-E652-11D3-DE94-103EBEA5969E}.Release|Any CPU.Build.0 = Release|Any CPU
		{A1C8406D-1445-9692-04F6-FDF7359DA9D7}.Debug|Any CPU.ActiveCfg = Debug|Any CPU
		{A1C8406D-1445-9692-04F6-FDF7359DA9D7}.Debug|Any CPU.Build.0 = Debug|Any CPU
		{A1C8406D-1445-9692-04F6-FDF7359DA9D7}.Release|Any CPU.ActiveCfg = Release|Any CPU
		{A1C8406D-1445-9692-04F6-FDF7359DA9D7}.Release|Any CPU.Build.0 = Release|Any CPU
		{592C0711-5F7B-E099-0A38-606773B0E978}.Debug|Any CPU.ActiveCfg = Debug|Any CPU
		{592C0711-5F7B-E099-0A38-606773B0E978}.Debug|Any CPU.Build.0 = Debug|Any CPU
		{592C0711-5F7B-E099-0A38-606773B0E978}.Release|Any CPU.ActiveCfg = Release|Any CPU
		{592C0711-5F7B-E099-0A38-606773B0E978}.Release|Any CPU.Build.0 = Release|Any CPU
		{95595BE3-B1A4-5D56-4896-C9B3CC8C1735}.Debug|Any CPU.ActiveCfg = Debug|Any CPU
		{95595BE3-B1A4-5D56-4896-C9B3CC8C1735}.Debug|Any CPU.Build.0 = Debug|Any CPU
		{95595BE3-B1A4-5D56-4896-C9B3CC8C1735}.Release|Any CPU.ActiveCfg = Release|Any CPU
		{95595BE3-B1A4-5D56-4896-C9B3CC8C1735}.Release|Any CPU.Build.0 = Release|Any CPU
		{DE9E6FAF-08FE-CC93-B356-CAC4C2F557A9}.Debug|Any CPU.ActiveCfg = Debug|Any CPU
		{DE9E6FAF-08FE-CC93-B356-CAC4C2F557A9}.Debug|Any CPU.Build.0 = Debug|Any CPU
		{DE9E6FAF-08FE-CC93-B356-CAC4C2F557A9}.Release|Any CPU.ActiveCfg = Release|Any CPU
		{DE9E6FAF-08FE-CC93-B356-CAC4C2F557A9}.Release|Any CPU.Build.0 = Release|Any CPU
		{2166B7B3-B37A-4191-D5C6-FC0335B41E04}.Debug|Any CPU.ActiveCfg = Debug|Any CPU
		{2166B7B3-B37A-4191-D5C6-FC0335B41E04}.Debug|Any CPU.Build.0 = Debug|Any CPU
		{2166B7B3-B37A-4191-D5C6-FC0335B41E04}.Release|Any CPU.ActiveCfg = Release|Any CPU
		{2166B7B3-B37A-4191-D5C6-FC0335B41E04}.Release|Any CPU.Build.0 = Release|Any CPU
		{FB1FC8AB-8282-3243-22B7-0FA027E91E56}.Debug|Any CPU.ActiveCfg = Debug|Any CPU
		{FB1FC8AB-8282-3243-22B7-0FA027E91E56}.Debug|Any CPU.Build.0 = Debug|Any CPU
		{FB1FC8AB-8282-3243-22B7-0FA027E91E56}.Release|Any CPU.ActiveCfg = Release|Any CPU
		{FB1FC8AB-8282-3243-22B7-0FA027E91E56}.Release|Any CPU.Build.0 = Release|Any CPU
		{4A48CB74-6FCE-CDFF-B2EF-3BA097C7620C}.Debug|Any CPU.ActiveCfg = Debug|Any CPU
		{4A48CB74-6FCE-CDFF-B2EF-3BA097C7620C}.Debug|Any CPU.Build.0 = Debug|Any CPU
		{4A48CB74-6FCE-CDFF-B2EF-3BA097C7620C}.Release|Any CPU.ActiveCfg = Release|Any CPU
		{4A48CB74-6FCE-CDFF-B2EF-3BA097C7620C}.Release|Any CPU.Build.0 = Release|Any CPU
		{7EE61551-7953-DF0F-5D44-A074EF2E5C44}.Debug|Any CPU.ActiveCfg = Debug|Any CPU
		{7EE61551-7953-DF0F-5D44-A074EF2E5C44}.Debug|Any CPU.Build.0 = Debug|Any CPU
		{7EE61551-7953-DF0F-5D44-A074EF2E5C44}.Release|Any CPU.ActiveCfg = Release|Any CPU
		{7EE61551-7953-DF0F-5D44-A074EF2E5C44}.Release|Any CPU.Build.0 = Release|Any CPU
		{157F4D39-B4ED-046E-B173-2DBB9BE7CC16}.Debug|Any CPU.ActiveCfg = Debug|Any CPU
		{157F4D39-B4ED-046E-B173-2DBB9BE7CC16}.Debug|Any CPU.Build.0 = Debug|Any CPU
		{157F4D39-B4ED-046E-B173-2DBB9BE7CC16}.Release|Any CPU.ActiveCfg = Release|Any CPU
		{157F4D39-B4ED-046E-B173-2DBB9BE7CC16}.Release|Any CPU.Build.0 = Release|Any CPU
		{020B4551-E8BB-9741-C2FA-E544EA40A559}.Debug|Any CPU.ActiveCfg = Debug|Any CPU
		{020B4551-E8BB-9741-C2FA-E544EA40A559}.Debug|Any CPU.Build.0 = Debug|Any CPU
		{020B4551-E8BB-9741-C2FA-E544EA40A559}.Release|Any CPU.ActiveCfg = Release|Any CPU
		{020B4551-E8BB-9741-C2FA-E544EA40A559}.Release|Any CPU.Build.0 = Release|Any CPU
		{57481E67-65B9-EEB4-47BC-EABC8973057F}.Debug|Any CPU.ActiveCfg = Debug|Any CPU
		{57481E67-65B9-EEB4-47BC-EABC8973057F}.Debug|Any CPU.Build.0 = Debug|Any CPU
		{57481E67-65B9-EEB4-47BC-EABC8973057F}.Release|Any CPU.ActiveCfg = Release|Any CPU
		{57481E67-65B9-EEB4-47BC-EABC8973057F}.Release|Any CPU.Build.0 = Release|Any CPU
		{0820477C-6F30-7571-68F4-749D942C6239}.Debug|Any CPU.ActiveCfg = Debug|Any CPU
		{0820477C-6F30-7571-68F4-749D942C6239}.Debug|Any CPU.Build.0 = Debug|Any CPU
		{0820477C-6F30-7571-68F4-749D942C6239}.Release|Any CPU.ActiveCfg = Release|Any CPU
		{0820477C-6F30-7571-68F4-749D942C6239}.Release|Any CPU.Build.0 = Release|Any CPU
		{46457E10-F233-3FF4-D415-FA0034F977FC}.Debug|Any CPU.ActiveCfg = Debug|Any CPU
		{46457E10-F233-3FF4-D415-FA0034F977FC}.Debug|Any CPU.Build.0 = Debug|Any CPU
		{46457E10-F233-3FF4-D415-FA0034F977FC}.Release|Any CPU.ActiveCfg = Release|Any CPU
		{46457E10-F233-3FF4-D415-FA0034F977FC}.Release|Any CPU.Build.0 = Release|Any CPU
		{3A0147F9-D4CE-E197-E973-065A28AC8BCF}.Debug|Any CPU.ActiveCfg = Debug|Any CPU
		{3A0147F9-D4CE-E197-E973-065A28AC8BCF}.Debug|Any CPU.Build.0 = Debug|Any CPU
		{3A0147F9-D4CE-E197-E973-065A28AC8BCF}.Release|Any CPU.ActiveCfg = Release|Any CPU
		{3A0147F9-D4CE-E197-E973-065A28AC8BCF}.Release|Any CPU.Build.0 = Release|Any CPU
		{E9124008-3339-431D-1A47-A3BA22510E55}.Debug|Any CPU.ActiveCfg = Debug|Any CPU
		{E9124008-3339-431D-1A47-A3BA22510E55}.Debug|Any CPU.Build.0 = Debug|Any CPU
		{E9124008-3339-431D-1A47-A3BA22510E55}.Release|Any CPU.ActiveCfg = Release|Any CPU
		{E9124008-3339-431D-1A47-A3BA22510E55}.Release|Any CPU.Build.0 = Release|Any CPU
		{B454F5CC-2CEC-3719-6C23-C481F7B9FB78}.Debug|Any CPU.ActiveCfg = Debug|Any CPU
		{B454F5CC-2CEC-3719-6C23-C481F7B9FB78}.Debug|Any CPU.Build.0 = Debug|Any CPU
		{B454F5CC-2CEC-3719-6C23-C481F7B9FB78}.Release|Any CPU.ActiveCfg = Release|Any CPU
		{B454F5CC-2CEC-3719-6C23-C481F7B9FB78}.Release|Any CPU.Build.0 = Release|Any CPU
		{E9D2612F-97A5-8C02-5CBD-F3A7D2C4EF11}.Debug|Any CPU.ActiveCfg = Debug|Any CPU
		{E9D2612F-97A5-8C02-5CBD-F3A7D2C4EF11}.Debug|Any CPU.Build.0 = Debug|Any CPU
		{E9D2612F-97A5-8C02-5CBD-F3A7D2C4EF11}.Release|Any CPU.ActiveCfg = Release|Any CPU
		{E9D2612F-97A5-8C02-5CBD-F3A7D2C4EF11}.Release|Any CPU.Build.0 = Release|Any CPU
		{1283336B-0E51-27B8-7390-0C763C169CB9}.Debug|Any CPU.ActiveCfg = Debug|Any CPU
		{1283336B-0E51-27B8-7390-0C763C169CB9}.Debug|Any CPU.Build.0 = Debug|Any CPU
		{1283336B-0E51-27B8-7390-0C763C169CB9}.Release|Any CPU.ActiveCfg = Release|Any CPU
		{1283336B-0E51-27B8-7390-0C763C169CB9}.Release|Any CPU.Build.0 = Release|Any CPU
		{13B2FAD5-C5AE-E5EF-0AE6-A323504BAA08}.Debug|Any CPU.ActiveCfg = Debug|Any CPU
		{13B2FAD5-C5AE-E5EF-0AE6-A323504BAA08}.Debug|Any CPU.Build.0 = Debug|Any CPU
		{13B2FAD5-C5AE-E5EF-0AE6-A323504BAA08}.Release|Any CPU.ActiveCfg = Release|Any CPU
		{13B2FAD5-C5AE-E5EF-0AE6-A323504BAA08}.Release|Any CPU.Build.0 = Release|Any CPU
		{5D575A50-F0C4-11F6-02FA-3F9C94418203}.Debug|Any CPU.ActiveCfg = Debug|Any CPU
		{5D575A50-F0C4-11F6-02FA-3F9C94418203}.Debug|Any CPU.Build.0 = Debug|Any CPU
		{5D575A50-F0C4-11F6-02FA-3F9C94418203}.Release|Any CPU.ActiveCfg = Release|Any CPU
		{5D575A50-F0C4-11F6-02FA-3F9C94418203}.Release|Any CPU.Build.0 = Release|Any CPU
		{89772544-2E6F-10CC-BE9B-F03E15C97CDC}.Debug|Any CPU.ActiveCfg = Debug|Any CPU
		{89772544-2E6F-10CC-BE9B-F03E15C97CDC}.Debug|Any CPU.Build.0 = Debug|Any CPU
		{89772544-2E6F-10CC-BE9B-F03E15C97CDC}.Release|Any CPU.ActiveCfg = Release|Any CPU
		{89772544-2E6F-10CC-BE9B-F03E15C97CDC}.Release|Any CPU.Build.0 = Release|Any CPU
		{367BAC7E-DA93-4C82-928B-9EA6EC40BAD8}.Debug|Any CPU.ActiveCfg = Debug|Any CPU
		{367BAC7E-DA93-4C82-928B-9EA6EC40BAD8}.Debug|Any CPU.Build.0 = Debug|Any CPU
		{367BAC7E-DA93-4C82-928B-9EA6EC40BAD8}.Release|Any CPU.ActiveCfg = Release|Any CPU
		{367BAC7E-DA93-4C82-928B-9EA6EC40BAD8}.Release|Any CPU.Build.0 = Release|Any CPU
		{8CA0D114-24DA-C0BA-B29F-9058D6852B88}.Debug|Any CPU.ActiveCfg = Debug|Any CPU
		{8CA0D114-24DA-C0BA-B29F-9058D6852B88}.Debug|Any CPU.Build.0 = Debug|Any CPU
		{8CA0D114-24DA-C0BA-B29F-9058D6852B88}.Release|Any CPU.ActiveCfg = Release|Any CPU
		{8CA0D114-24DA-C0BA-B29F-9058D6852B88}.Release|Any CPU.Build.0 = Release|Any CPU
		{59489AA0-2F38-AA5A-B37E-63B1412D2F28}.Debug|Any CPU.ActiveCfg = Debug|Any CPU
		{59489AA0-2F38-AA5A-B37E-63B1412D2F28}.Debug|Any CPU.Build.0 = Debug|Any CPU
		{59489AA0-2F38-AA5A-B37E-63B1412D2F28}.Release|Any CPU.ActiveCfg = Release|Any CPU
		{59489AA0-2F38-AA5A-B37E-63B1412D2F28}.Release|Any CPU.Build.0 = Release|Any CPU
		{8A577A2E-0137-E154-860B-25A850634ADC}.Debug|Any CPU.ActiveCfg = Debug|Any CPU
		{8A577A2E-0137-E154-860B-25A850634ADC}.Debug|Any CPU.Build.0 = Debug|Any CPU
		{8A577A2E-0137-E154-860B-25A850634ADC}.Release|Any CPU.ActiveCfg = Release|Any CPU
		{8A577A2E-0137-E154-860B-25A850634ADC}.Release|Any CPU.Build.0 = Release|Any CPU
		{78182BA1-A09E-F739-9742-E4195AADADB7}.Debug|Any CPU.ActiveCfg = Debug|Any CPU
		{78182BA1-A09E-F739-9742-E4195AADADB7}.Debug|Any CPU.Build.0 = Debug|Any CPU
		{78182BA1-A09E-F739-9742-E4195AADADB7}.Release|Any CPU.ActiveCfg = Release|Any CPU
		{78182BA1-A09E-F739-9742-E4195AADADB7}.Release|Any CPU.Build.0 = Release|Any CPU
		{77C0219F-882D-84AC-910C-8E223CA4B2E7}.Debug|Any CPU.ActiveCfg = Debug|Any CPU
		{77C0219F-882D-84AC-910C-8E223CA4B2E7}.Debug|Any CPU.Build.0 = Debug|Any CPU
		{77C0219F-882D-84AC-910C-8E223CA4B2E7}.Release|Any CPU.ActiveCfg = Release|Any CPU
		{77C0219F-882D-84AC-910C-8E223CA4B2E7}.Release|Any CPU.Build.0 = Release|Any CPU
		{93D69280-155C-46C7-0112-1A985B2A4050}.Debug|Any CPU.ActiveCfg = Debug|Any CPU
		{93D69280-155C-46C7-0112-1A985B2A4050}.Debug|Any CPU.Build.0 = Debug|Any CPU
		{93D69280-155C-46C7-0112-1A985B2A4050}.Release|Any CPU.ActiveCfg = Release|Any CPU
		{93D69280-155C-46C7-0112-1A985B2A4050}.Release|Any CPU.Build.0 = Release|Any CPU
		{3D1345E0-078C-0444-0798-0E2527E2A002}.Debug|Any CPU.ActiveCfg = Debug|Any CPU
		{3D1345E0-078C-0444-0798-0E2527E2A002}.Debug|Any CPU.Build.0 = Debug|Any CPU
		{3D1345E0-078C-0444-0798-0E2527E2A002}.Release|Any CPU.ActiveCfg = Release|Any CPU
		{3D1345E0-078C-0444-0798-0E2527E2A002}.Release|Any CPU.Build.0 = Release|Any CPU
		{C54F20AF-DD8E-6F74-1A5F-DBB3544D3AEC}.Debug|Any CPU.ActiveCfg = Debug|Any CPU
		{C54F20AF-DD8E-6F74-1A5F-DBB3544D3AEC}.Debug|Any CPU.Build.0 = Debug|Any CPU
		{C54F20AF-DD8E-6F74-1A5F-DBB3544D3AEC}.Release|Any CPU.ActiveCfg = Release|Any CPU
		{C54F20AF-DD8E-6F74-1A5F-DBB3544D3AEC}.Release|Any CPU.Build.0 = Release|Any CPU
		{E9E9AC4A-0F9D-7D0B-A48C-163B4F1BB2C6}.Debug|Any CPU.ActiveCfg = Debug|Any CPU
		{E9E9AC4A-0F9D-7D0B-A48C-163B4F1BB2C6}.Debug|Any CPU.Build.0 = Debug|Any CPU
		{E9E9AC4A-0F9D-7D0B-A48C-163B4F1BB2C6}.Release|Any CPU.ActiveCfg = Release|Any CPU
		{E9E9AC4A-0F9D-7D0B-A48C-163B4F1BB2C6}.Release|Any CPU.Build.0 = Release|Any CPU
		{20D87545-AF9C-ECA8-ACCE-DE11F1CC083A}.Debug|Any CPU.ActiveCfg = Debug|Any CPU
		{20D87545-AF9C-ECA8-ACCE-DE11F1CC083A}.Debug|Any CPU.Build.0 = Debug|Any CPU
		{20D87545-AF9C-ECA8-ACCE-DE11F1CC083A}.Release|Any CPU.ActiveCfg = Release|Any CPU
		{20D87545-AF9C-ECA8-ACCE-DE11F1CC083A}.Release|Any CPU.Build.0 = Release|Any CPU
		{80143AAD-7C2F-83E8-5B76-DFBDB578540E}.Debug|Any CPU.ActiveCfg = Debug|Any CPU
		{80143AAD-7C2F-83E8-5B76-DFBDB578540E}.Debug|Any CPU.Build.0 = Debug|Any CPU
		{80143AAD-7C2F-83E8-5B76-DFBDB578540E}.Release|Any CPU.ActiveCfg = Release|Any CPU
		{80143AAD-7C2F-83E8-5B76-DFBDB578540E}.Release|Any CPU.Build.0 = Release|Any CPU
		{72F28CF6-770E-94BF-EE9A-B69466EB1EAB}.Debug|Any CPU.ActiveCfg = Debug|Any CPU
		{72F28CF6-770E-94BF-EE9A-B69466EB1EAB}.Debug|Any CPU.Build.0 = Debug|Any CPU
		{72F28CF6-770E-94BF-EE9A-B69466EB1EAB}.Release|Any CPU.ActiveCfg = Release|Any CPU
		{72F28CF6-770E-94BF-EE9A-B69466EB1EAB}.Release|Any CPU.Build.0 = Release|Any CPU
		{BE8546E4-D816-32B8-D943-A56518996937}.Debug|Any CPU.ActiveCfg = Debug|Any CPU
		{BE8546E4-D816-32B8-D943-A56518996937}.Debug|Any CPU.Build.0 = Debug|Any CPU
		{BE8546E4-D816-32B8-D943-A56518996937}.Release|Any CPU.ActiveCfg = Release|Any CPU
		{BE8546E4-D816-32B8-D943-A56518996937}.Release|Any CPU.Build.0 = Release|Any CPU
		{1F92264F-9ECD-D895-886E-6853611564BC}.Debug|Any CPU.ActiveCfg = Debug|Any CPU
		{1F92264F-9ECD-D895-886E-6853611564BC}.Debug|Any CPU.Build.0 = Debug|Any CPU
		{1F92264F-9ECD-D895-886E-6853611564BC}.Release|Any CPU.ActiveCfg = Release|Any CPU
		{1F92264F-9ECD-D895-886E-6853611564BC}.Release|Any CPU.Build.0 = Release|Any CPU
		{A337B7A0-5613-7A40-1D3C-A15B0E3E65EA}.Debug|Any CPU.ActiveCfg = Debug|Any CPU
		{A337B7A0-5613-7A40-1D3C-A15B0E3E65EA}.Debug|Any CPU.Build.0 = Debug|Any CPU
		{A337B7A0-5613-7A40-1D3C-A15B0E3E65EA}.Release|Any CPU.ActiveCfg = Release|Any CPU
		{A337B7A0-5613-7A40-1D3C-A15B0E3E65EA}.Release|Any CPU.Build.0 = Release|Any CPU
		{DBA90F26-BD94-18A2-20AF-5C6B5E6733F6}.Debug|Any CPU.ActiveCfg = Debug|Any CPU
		{DBA90F26-BD94-18A2-20AF-5C6B5E6733F6}.Debug|Any CPU.Build.0 = Debug|Any CPU
		{DBA90F26-BD94-18A2-20AF-5C6B5E6733F6}.Release|Any CPU.ActiveCfg = Release|Any CPU
		{DBA90F26-BD94-18A2-20AF-5C6B5E6733F6}.Release|Any CPU.Build.0 = Release|Any CPU
		{222F5028-1B1A-0E99-6964-C205F050BFFE}.Debug|Any CPU.ActiveCfg = Debug|Any CPU
		{222F5028-1B1A-0E99-6964-C205F050BFFE}.Debug|Any CPU.Build.0 = Debug|Any CPU
		{222F5028-1B1A-0E99-6964-C205F050BFFE}.Release|Any CPU.ActiveCfg = Release|Any CPU
		{222F5028-1B1A-0E99-6964-C205F050BFFE}.Release|Any CPU.Build.0 = Release|Any CPU
	EndGlobalSection
	GlobalSection(SolutionProperties) = preSolution
		HideSolutionNode = FALSE
	EndGlobalSection
EndGlobal
